// !$*UTF8*$!
{
	archiveVersion = 1;
	classes = {
	};
	objectVersion = 56;
	objects = {

/* Begin PBXBuildFile section */
		1E3C6D992A6687AA0015676C /* TouchdownApp.swift in Sources */ = {isa = PBXBuildFile; fileRef = 1E3C6D982A6687AA0015676C /* TouchdownApp.swift */; };
		1E3C6D9B2A6687AA0015676C /* ContentView.swift in Sources */ = {isa = PBXBuildFile; fileRef = 1E3C6D9A2A6687AA0015676C /* ContentView.swift */; };
		1E3C6D9D2A6687AC0015676C /* Assets.xcassets in Resources */ = {isa = PBXBuildFile; fileRef = 1E3C6D9C2A6687AC0015676C /* Assets.xcassets */; };
		1E3C6DA02A6687AC0015676C /* Preview Assets.xcassets in Resources */ = {isa = PBXBuildFile; fileRef = 1E3C6D9F2A6687AC0015676C /* Preview Assets.xcassets */; };
		1E3C6DAA2A6687AC0015676C /* TouchdownTests.swift in Sources */ = {isa = PBXBuildFile; fileRef = 1E3C6DA92A6687AC0015676C /* TouchdownTests.swift */; };
		1E3C6DB42A6687AC0015676C /* TouchdownUITests.swift in Sources */ = {isa = PBXBuildFile; fileRef = 1E3C6DB32A6687AC0015676C /* TouchdownUITests.swift */; };
		1E3C6DB62A6687AC0015676C /* TouchdownUITestsLaunchTests.swift in Sources */ = {isa = PBXBuildFile; fileRef = 1E3C6DB52A6687AC0015676C /* TouchdownUITestsLaunchTests.swift */; };
/* End PBXBuildFile section */

/* Begin PBXContainerItemProxy section */
		1E3C6DA62A6687AC0015676C /* PBXContainerItemProxy */ = {
			isa = PBXContainerItemProxy;
			containerPortal = 1E3C6D8D2A6687AA0015676C /* Project object */;
			proxyType = 1;
			remoteGlobalIDString = 1E3C6D942A6687AA0015676C;
			remoteInfo = Touchdown;
		};
		1E3C6DB02A6687AC0015676C /* PBXContainerItemProxy */ = {
			isa = PBXContainerItemProxy;
			containerPortal = 1E3C6D8D2A6687AA0015676C /* Project object */;
			proxyType = 1;
			remoteGlobalIDString = 1E3C6D942A6687AA0015676C;
			remoteInfo = Touchdown;
		};
/* End PBXContainerItemProxy section */

/* Begin PBXFileReference section */
		1E3C6D952A6687AA0015676C /* Touchdown.app */ = {isa = PBXFileReference; explicitFileType = wrapper.application; includeInIndex = 0; path = Touchdown.app; sourceTree = BUILT_PRODUCTS_DIR; };
		1E3C6D982A6687AA0015676C /* TouchdownApp.swift */ = {isa = PBXFileReference; lastKnownFileType = sourcecode.swift; path = TouchdownApp.swift; sourceTree = "<group>"; };
		1E3C6D9A2A6687AA0015676C /* ContentView.swift */ = {isa = PBXFileReference; lastKnownFileType = sourcecode.swift; path = ContentView.swift; sourceTree = "<group>"; };
		1E3C6D9C2A6687AC0015676C /* Assets.xcassets */ = {isa = PBXFileReference; lastKnownFileType = folder.assetcatalog; path = Assets.xcassets; sourceTree = "<group>"; };
		1E3C6D9F2A6687AC0015676C /* Preview Assets.xcassets */ = {isa = PBXFileReference; lastKnownFileType = folder.assetcatalog; path = "Preview Assets.xcassets"; sourceTree = "<group>"; };
		1E3C6DA52A6687AC0015676C /* TouchdownTests.xctest */ = {isa = PBXFileReference; explicitFileType = wrapper.cfbundle; includeInIndex = 0; path = TouchdownTests.xctest; sourceTree = BUILT_PRODUCTS_DIR; };
		1E3C6DA92A6687AC0015676C /* TouchdownTests.swift */ = {isa = PBXFileReference; lastKnownFileType = sourcecode.swift; path = TouchdownTests.swift; sourceTree = "<group>"; };
		1E3C6DAF2A6687AC0015676C /* TouchdownUITests.xctest */ = {isa = PBXFileReference; explicitFileType = wrapper.cfbundle; includeInIndex = 0; path = TouchdownUITests.xctest; sourceTree = BUILT_PRODUCTS_DIR; };
		1E3C6DB32A6687AC0015676C /* TouchdownUITests.swift */ = {isa = PBXFileReference; lastKnownFileType = sourcecode.swift; path = TouchdownUITests.swift; sourceTree = "<group>"; };
		1E3C6DB52A6687AC0015676C /* TouchdownUITestsLaunchTests.swift */ = {isa = PBXFileReference; lastKnownFileType = sourcecode.swift; path = TouchdownUITestsLaunchTests.swift; sourceTree = "<group>"; };
/* End PBXFileReference section */

/* Begin PBXFrameworksBuildPhase section */
		1E3C6D922A6687AA0015676C /* Frameworks */ = {
			isa = PBXFrameworksBuildPhase;
			buildActionMask = 2147483647;
			files = (
			);
			runOnlyForDeploymentPostprocessing = 0;
		};
		1E3C6DA22A6687AC0015676C /* Frameworks */ = {
			isa = PBXFrameworksBuildPhase;
			buildActionMask = 2147483647;
			files = (
			);
			runOnlyForDeploymentPostprocessing = 0;
		};
		1E3C6DAC2A6687AC0015676C /* Frameworks */ = {
			isa = PBXFrameworksBuildPhase;
			buildActionMask = 2147483647;
			files = (
			);
			runOnlyForDeploymentPostprocessing = 0;
		};
/* End PBXFrameworksBuildPhase section */

/* Begin PBXGroup section */
		1E3C6D8C2A6687AA0015676C = {
			isa = PBXGroup;
			children = (
				1E3C6D972A6687AA0015676C /* Touchdown */,
				1E3C6DA82A6687AC0015676C /* TouchdownTests */,
				1E3C6DB22A6687AC0015676C /* TouchdownUITests */,
				1E3C6D962A6687AA0015676C /* Products */,
			);
			sourceTree = "<group>";
		};
		1E3C6D962A6687AA0015676C /* Products */ = {
			isa = PBXGroup;
			children = (
				1E3C6D952A6687AA0015676C /* Touchdown.app */,
				1E3C6DA52A6687AC0015676C /* TouchdownTests.xctest */,
				1E3C6DAF2A6687AC0015676C /* TouchdownUITests.xctest */,
			);
			name = Products;
			sourceTree = "<group>";
		};
		1E3C6D972A6687AA0015676C /* Touchdown */ = {
			isa = PBXGroup;
			children = (
				1E3C6D982A6687AA0015676C /* TouchdownApp.swift */,
				1E3C6D9A2A6687AA0015676C /* ContentView.swift */,
				1E3C6D9C2A6687AC0015676C /* Assets.xcassets */,
				1E3C6D9E2A6687AC0015676C /* Preview Content */,
			);
			path = Touchdown;
			sourceTree = "<group>";
		};
		1E3C6D9E2A6687AC0015676C /* Preview Content */ = {
			isa = PBXGroup;
			children = (
				1E3C6D9F2A6687AC0015676C /* Preview Assets.xcassets */,
			);
			path = "Preview Content";
			sourceTree = "<group>";
		};
		1E3C6DA82A6687AC0015676C /* TouchdownTests */ = {
			isa = PBXGroup;
			children = (
				1E3C6DA92A6687AC0015676C /* TouchdownTests.swift */,
			);
			path = TouchdownTests;
			sourceTree = "<group>";
		};
		1E3C6DB22A6687AC0015676C /* TouchdownUITests */ = {
			isa = PBXGroup;
			children = (
				1E3C6DB32A6687AC0015676C /* TouchdownUITests.swift */,
				1E3C6DB52A6687AC0015676C /* TouchdownUITestsLaunchTests.swift */,
			);
			path = TouchdownUITests;
			sourceTree = "<group>";
		};
/* End PBXGroup section */

/* Begin PBXNativeTarget section */
		1E3C6D942A6687AA0015676C /* Touchdown */ = {
			isa = PBXNativeTarget;
			buildConfigurationList = 1E3C6DB92A6687AC0015676C /* Build configuration list for PBXNativeTarget "Touchdown" */;
			buildPhases = (
				1E3C6D912A6687AA0015676C /* Sources */,
				1E3C6D922A6687AA0015676C /* Frameworks */,
				1E3C6D932A6687AA0015676C /* Resources */,
			);
			buildRules = (
			);
			dependencies = (
			);
			name = Touchdown;
			productName = Touchdown;
			productReference = 1E3C6D952A6687AA0015676C /* Touchdown.app */;
			productType = "com.apple.product-type.application";
		};
		1E3C6DA42A6687AC0015676C /* TouchdownTests */ = {
			isa = PBXNativeTarget;
			buildConfigurationList = 1E3C6DBC2A6687AC0015676C /* Build configuration list for PBXNativeTarget "TouchdownTests" */;
			buildPhases = (
				1E3C6DA12A6687AC0015676C /* Sources */,
				1E3C6DA22A6687AC0015676C /* Frameworks */,
				1E3C6DA32A6687AC0015676C /* Resources */,
			);
			buildRules = (
			);
			dependencies = (
				1E3C6DA72A6687AC0015676C /* PBXTargetDependency */,
			);
			name = TouchdownTests;
			productName = TouchdownTests;
			productReference = 1E3C6DA52A6687AC0015676C /* TouchdownTests.xctest */;
			productType = "com.apple.product-type.bundle.unit-test";
		};
		1E3C6DAE2A6687AC0015676C /* TouchdownUITests */ = {
			isa = PBXNativeTarget;
			buildConfigurationList = 1E3C6DBF2A6687AC0015676C /* Build configuration list for PBXNativeTarget "TouchdownUITests" */;
			buildPhases = (
				1E3C6DAB2A6687AC0015676C /* Sources */,
				1E3C6DAC2A6687AC0015676C /* Frameworks */,
				1E3C6DAD2A6687AC0015676C /* Resources */,
			);
			buildRules = (
			);
			dependencies = (
				1E3C6DB12A6687AC0015676C /* PBXTargetDependency */,
			);
			name = TouchdownUITests;
			productName = TouchdownUITests;
			productReference = 1E3C6DAF2A6687AC0015676C /* TouchdownUITests.xctest */;
			productType = "com.apple.product-type.bundle.ui-testing";
		};
/* End PBXNativeTarget section */

/* Begin PBXProject section */
		1E3C6D8D2A6687AA0015676C /* Project object */ = {
			isa = PBXProject;
			attributes = {
				BuildIndependentTargetsInParallel = 1;
				LastSwiftUpdateCheck = 1410;
				LastUpgradeCheck = 1410;
				TargetAttributes = {
					1E3C6D942A6687AA0015676C = {
						CreatedOnToolsVersion = 14.1;
					};
					1E3C6DA42A6687AC0015676C = {
						CreatedOnToolsVersion = 14.1;
						TestTargetID = 1E3C6D942A6687AA0015676C;
					};
					1E3C6DAE2A6687AC0015676C = {
						CreatedOnToolsVersion = 14.1;
						TestTargetID = 1E3C6D942A6687AA0015676C;
					};
				};
			};
			buildConfigurationList = 1E3C6D902A6687AA0015676C /* Build configuration list for PBXProject "Touchdown" */;
			compatibilityVersion = "Xcode 14.0";
			developmentRegion = en;
			hasScannedForEncodings = 0;
			knownRegions = (
				en,
				Base,
			);
			mainGroup = 1E3C6D8C2A6687AA0015676C;
			productRefGroup = 1E3C6D962A6687AA0015676C /* Products */;
			projectDirPath = "";
			projectRoot = "";
			targets = (
				1E3C6D942A6687AA0015676C /* Touchdown */,
				1E3C6DA42A6687AC0015676C /* TouchdownTests */,
				1E3C6DAE2A6687AC0015676C /* TouchdownUITests */,
			);
		};
/* End PBXProject section */

/* Begin PBXResourcesBuildPhase section */
		1E3C6D932A6687AA0015676C /* Resources */ = {
			isa = PBXResourcesBuildPhase;
			buildActionMask = 2147483647;
			files = (
				1E3C6DA02A6687AC0015676C /* Preview Assets.xcassets in Resources */,
				1E3C6D9D2A6687AC0015676C /* Assets.xcassets in Resources */,
			);
			runOnlyForDeploymentPostprocessing = 0;
		};
		1E3C6DA32A6687AC0015676C /* Resources */ = {
			isa = PBXResourcesBuildPhase;
			buildActionMask = 2147483647;
			files = (
			);
			runOnlyForDeploymentPostprocessing = 0;
		};
		1E3C6DAD2A6687AC0015676C /* Resources */ = {
			isa = PBXResourcesBuildPhase;
			buildActionMask = 2147483647;
			files = (
			);
			runOnlyForDeploymentPostprocessing = 0;
		};
/* End PBXResourcesBuildPhase section */

/* Begin PBXSourcesBuildPhase section */
		1E3C6D912A6687AA0015676C /* Sources */ = {
			isa = PBXSourcesBuildPhase;
			buildActionMask = 2147483647;
			files = (
				1E3C6D9B2A6687AA0015676C /* ContentView.swift in Sources */,
				1E3C6D992A6687AA0015676C /* TouchdownApp.swift in Sources */,
			);
			runOnlyForDeploymentPostprocessing = 0;
		};
		1E3C6DA12A6687AC0015676C /* Sources */ = {
			isa = PBXSourcesBuildPhase;
			buildActionMask = 2147483647;
			files = (
				1E3C6DAA2A6687AC0015676C /* TouchdownTests.swift in Sources */,
			);
			runOnlyForDeploymentPostprocessing = 0;
		};
		1E3C6DAB2A6687AC0015676C /* Sources */ = {
			isa = PBXSourcesBuildPhase;
			buildActionMask = 2147483647;
			files = (
				1E3C6DB62A6687AC0015676C /* TouchdownUITestsLaunchTests.swift in Sources */,
				1E3C6DB42A6687AC0015676C /* TouchdownUITests.swift in Sources */,
			);
			runOnlyForDeploymentPostprocessing = 0;
		};
/* End PBXSourcesBuildPhase section */

/* Begin PBXTargetDependency section */
		1E3C6DA72A6687AC0015676C /* PBXTargetDependency */ = {
			isa = PBXTargetDependency;
			target = 1E3C6D942A6687AA0015676C /* Touchdown */;
			targetProxy = 1E3C6DA62A6687AC0015676C /* PBXContainerItemProxy */;
		};
		1E3C6DB12A6687AC0015676C /* PBXTargetDependency */ = {
			isa = PBXTargetDependency;
			target = 1E3C6D942A6687AA0015676C /* Touchdown */;
			targetProxy = 1E3C6DB02A6687AC0015676C /* PBXContainerItemProxy */;
		};
/* End PBXTargetDependency section */

/* Begin XCBuildConfiguration section */
		1E3C6DB72A6687AC0015676C /* Debug */ = {
			isa = XCBuildConfiguration;
			buildSettings = {
				ALWAYS_SEARCH_USER_PATHS = NO;
				CLANG_ANALYZER_NONNULL = YES;
				CLANG_ANALYZER_NUMBER_OBJECT_CONVERSION = YES_AGGRESSIVE;
				CLANG_CXX_LANGUAGE_STANDARD = "gnu++20";
				CLANG_ENABLE_MODULES = YES;
				CLANG_ENABLE_OBJC_ARC = YES;
				CLANG_ENABLE_OBJC_WEAK = YES;
				CLANG_WARN_BLOCK_CAPTURE_AUTORELEASING = YES;
				CLANG_WARN_BOOL_CONVERSION = YES;
				CLANG_WARN_COMMA = YES;
				CLANG_WARN_CONSTANT_CONVERSION = YES;
				CLANG_WARN_DEPRECATED_OBJC_IMPLEMENTATIONS = YES;
				CLANG_WARN_DIRECT_OBJC_ISA_USAGE = YES_ERROR;
				CLANG_WARN_DOCUMENTATION_COMMENTS = YES;
				CLANG_WARN_EMPTY_BODY = YES;
				CLANG_WARN_ENUM_CONVERSION = YES;
				CLANG_WARN_INFINITE_RECURSION = YES;
				CLANG_WARN_INT_CONVERSION = YES;
				CLANG_WARN_NON_LITERAL_NULL_CONVERSION = YES;
				CLANG_WARN_OBJC_IMPLICIT_RETAIN_SELF = YES;
				CLANG_WARN_OBJC_LITERAL_CONVERSION = YES;
				CLANG_WARN_OBJC_ROOT_CLASS = YES_ERROR;
				CLANG_WARN_QUOTED_INCLUDE_IN_FRAMEWORK_HEADER = YES;
				CLANG_WARN_RANGE_LOOP_ANALYSIS = YES;
				CLANG_WARN_STRICT_PROTOTYPES = YES;
				CLANG_WARN_SUSPICIOUS_MOVE = YES;
				CLANG_WARN_UNGUARDED_AVAILABILITY = YES_AGGRESSIVE;
				CLANG_WARN_UNREACHABLE_CODE = YES;
				CLANG_WARN__DUPLICATE_METHOD_MATCH = YES;
				COPY_PHASE_STRIP = NO;
				DEBUG_INFORMATION_FORMAT = dwarf;
				ENABLE_STRICT_OBJC_MSGSEND = YES;
				ENABLE_TESTABILITY = YES;
				GCC_C_LANGUAGE_STANDARD = gnu11;
				GCC_DYNAMIC_NO_PIC = NO;
				GCC_NO_COMMON_BLOCKS = YES;
				GCC_OPTIMIZATION_LEVEL = 0;
				GCC_PREPROCESSOR_DEFINITIONS = (
					"DEBUG=1",
					"$(inherited)",
				);
				GCC_WARN_64_TO_32_BIT_CONVERSION = YES;
				GCC_WARN_ABOUT_RETURN_TYPE = YES_ERROR;
				GCC_WARN_UNDECLARED_SELECTOR = YES;
				GCC_WARN_UNINITIALIZED_AUTOS = YES_AGGRESSIVE;
				GCC_WARN_UNUSED_FUNCTION = YES;
				GCC_WARN_UNUSED_VARIABLE = YES;
				IPHONEOS_DEPLOYMENT_TARGET = 16.1;
				MTL_ENABLE_DEBUG_INFO = INCLUDE_SOURCE;
				MTL_FAST_MATH = YES;
				ONLY_ACTIVE_ARCH = YES;
				SDKROOT = iphoneos;
				SWIFT_ACTIVE_COMPILATION_CONDITIONS = DEBUG;
				SWIFT_OPTIMIZATION_LEVEL = "-Onone";
			};
			name = Debug;
		};
		1E3C6DB82A6687AC0015676C /* Release */ = {
			isa = XCBuildConfiguration;
			buildSettings = {
				ALWAYS_SEARCH_USER_PATHS = NO;
				CLANG_ANALYZER_NONNULL = YES;
				CLANG_ANALYZER_NUMBER_OBJECT_CONVERSION = YES_AGGRESSIVE;
				CLANG_CXX_LANGUAGE_STANDARD = "gnu++20";
				CLANG_ENABLE_MODULES = YES;
				CLANG_ENABLE_OBJC_ARC = YES;
				CLANG_ENABLE_OBJC_WEAK = YES;
				CLANG_WARN_BLOCK_CAPTURE_AUTORELEASING = YES;
				CLANG_WARN_BOOL_CONVERSION = YES;
				CLANG_WARN_COMMA = YES;
				CLANG_WARN_CONSTANT_CONVERSION = YES;
				CLANG_WARN_DEPRECATED_OBJC_IMPLEMENTATIONS = YES;
				CLANG_WARN_DIRECT_OBJC_ISA_USAGE = YES_ERROR;
				CLANG_WARN_DOCUMENTATION_COMMENTS = YES;
				CLANG_WARN_EMPTY_BODY = YES;
				CLANG_WARN_ENUM_CONVERSION = YES;
				CLANG_WARN_INFINITE_RECURSION = YES;
				CLANG_WARN_INT_CONVERSION = YES;
				CLANG_WARN_NON_LITERAL_NULL_CONVERSION = YES;
				CLANG_WARN_OBJC_IMPLICIT_RETAIN_SELF = YES;
				CLANG_WARN_OBJC_LITERAL_CONVERSION = YES;
				CLANG_WARN_OBJC_ROOT_CLASS = YES_ERROR;
				CLANG_WARN_QUOTED_INCLUDE_IN_FRAMEWORK_HEADER = YES;
				CLANG_WARN_RANGE_LOOP_ANALYSIS = YES;
				CLANG_WARN_STRICT_PROTOTYPES = YES;
				CLANG_WARN_SUSPICIOUS_MOVE = YES;
				CLANG_WARN_UNGUARDED_AVAILABILITY = YES_AGGRESSIVE;
				CLANG_WARN_UNREACHABLE_CODE = YES;
				CLANG_WARN__DUPLICATE_METHOD_MATCH = YES;
				COPY_PHASE_STRIP = NO;
				DEBUG_INFORMATION_FORMAT = "dwarf-with-dsym";
				ENABLE_NS_ASSERTIONS = NO;
				ENABLE_STRICT_OBJC_MSGSEND = YES;
				GCC_C_LANGUAGE_STANDARD = gnu11;
				GCC_NO_COMMON_BLOCKS = YES;
				GCC_WARN_64_TO_32_BIT_CONVERSION = YES;
				GCC_WARN_ABOUT_RETURN_TYPE = YES_ERROR;
				GCC_WARN_UNDECLARED_SELECTOR = YES;
				GCC_WARN_UNINITIALIZED_AUTOS = YES_AGGRESSIVE;
				GCC_WARN_UNUSED_FUNCTION = YES;
				GCC_WARN_UNUSED_VARIABLE = YES;
				IPHONEOS_DEPLOYMENT_TARGET = 16.1;
				MTL_ENABLE_DEBUG_INFO = NO;
				MTL_FAST_MATH = YES;
				SDKROOT = iphoneos;
				SWIFT_COMPILATION_MODE = wholemodule;
				SWIFT_OPTIMIZATION_LEVEL = "-O";
				VALIDATE_PRODUCT = YES;
			};
			name = Release;
		};
		1E3C6DBA2A6687AC0015676C /* Debug */ = {
			isa = XCBuildConfiguration;
			buildSettings = {
				ASSETCATALOG_COMPILER_APPICON_NAME = AppIcon;
				ASSETCATALOG_COMPILER_GLOBAL_ACCENT_COLOR_NAME = AccentColor;
				CODE_SIGN_STYLE = Automatic;
				CURRENT_PROJECT_VERSION = 1;
				DEVELOPMENT_ASSET_PATHS = "\"Touchdown/Preview Content\"";
				ENABLE_PREVIEWS = YES;
				GENERATE_INFOPLIST_FILE = YES;
				INFOPLIST_KEY_UIApplicationSceneManifest_Generation = YES;
				INFOPLIST_KEY_UIApplicationSupportsIndirectInputEvents = YES;
				INFOPLIST_KEY_UILaunchScreen_Generation = YES;
				INFOPLIST_KEY_UISupportedInterfaceOrientations_iPad = "UIInterfaceOrientationPortrait UIInterfaceOrientationPortraitUpsideDown UIInterfaceOrientationLandscapeLeft UIInterfaceOrientationLandscapeRight";
				INFOPLIST_KEY_UISupportedInterfaceOrientations_iPhone = "UIInterfaceOrientationPortrait UIInterfaceOrientationLandscapeLeft UIInterfaceOrientationLandscapeRight";
				LD_RUNPATH_SEARCH_PATHS = (
					"$(inherited)",
					"@executable_path/Frameworks",
				);
				MARKETING_VERSION = 1.0;
				PRODUCT_BUNDLE_IDENTIFIER = com.wac.Touchdown;
				PRODUCT_NAME = "$(TARGET_NAME)";
				SWIFT_EMIT_LOC_STRINGS = YES;
				SWIFT_VERSION = 5.0;
				TARGETED_DEVICE_FAMILY = "1,2";
			};
			name = Debug;
		};
		1E3C6DBB2A6687AC0015676C /* Release */ = {
			isa = XCBuildConfiguration;
			buildSettings = {
				ASSETCATALOG_COMPILER_APPICON_NAME = AppIcon;
				ASSETCATALOG_COMPILER_GLOBAL_ACCENT_COLOR_NAME = AccentColor;
				CODE_SIGN_STYLE = Automatic;
				CURRENT_PROJECT_VERSION = 1;
				DEVELOPMENT_ASSET_PATHS = "\"Touchdown/Preview Content\"";
				ENABLE_PREVIEWS = YES;
				GENERATE_INFOPLIST_FILE = YES;
				INFOPLIST_KEY_UIApplicationSceneManifest_Generation = YES;
				INFOPLIST_KEY_UIApplicationSupportsIndirectInputEvents = YES;
				INFOPLIST_KEY_UILaunchScreen_Generation = YES;
				INFOPLIST_KEY_UISupportedInterfaceOrientations_iPad = "UIInterfaceOrientationPortrait UIInterfaceOrientationPortraitUpsideDown UIInterfaceOrientationLandscapeLeft UIInterfaceOrientationLandscapeRight";
				INFOPLIST_KEY_UISupportedInterfaceOrientations_iPhone = "UIInterfaceOrientationPortrait UIInterfaceOrientationLandscapeLeft UIInterfaceOrientationLandscapeRight";
				LD_RUNPATH_SEARCH_PATHS = (
					"$(inherited)",
					"@executable_path/Frameworks",
				);
				MARKETING_VERSION = 1.0;
				PRODUCT_BUNDLE_IDENTIFIER = com.wac.Touchdown;
				PRODUCT_NAME = "$(TARGET_NAME)";
				SWIFT_EMIT_LOC_STRINGS = YES;
				SWIFT_VERSION = 5.0;
				TARGETED_DEVICE_FAMILY = "1,2";
			};
			name = Release;
		};
		1E3C6DBD2A6687AC0015676C /* Debug */ = {
			isa = XCBuildConfiguration;
			buildSettings = {
				ALWAYS_EMBED_SWIFT_STANDARD_LIBRARIES = YES;
				BUNDLE_LOADER = "$(TEST_HOST)";
				CODE_SIGN_STYLE = Automatic;
				CURRENT_PROJECT_VERSION = 1;
				GENERATE_INFOPLIST_FILE = YES;
				IPHONEOS_DEPLOYMENT_TARGET = 16.1;
				MARKETING_VERSION = 1.0;
				PRODUCT_BUNDLE_IDENTIFIER = com.wac.TouchdownTests;
				PRODUCT_NAME = "$(TARGET_NAME)";
				SWIFT_EMIT_LOC_STRINGS = NO;
				SWIFT_VERSION = 5.0;
				TARGETED_DEVICE_FAMILY = "1,2";
				TEST_HOST = "$(BUILT_PRODUCTS_DIR)/Touchdown.app/$(BUNDLE_EXECUTABLE_FOLDER_PATH)/Touchdown";
			};
			name = Debug;
		};
		1E3C6DBE2A6687AC0015676C /* Release */ = {
			isa = XCBuildConfiguration;
			buildSettings = {
				ALWAYS_EMBED_SWIFT_STANDARD_LIBRARIES = YES;
				BUNDLE_LOADER = "$(TEST_HOST)";
				CODE_SIGN_STYLE = Automatic;
				CURRENT_PROJECT_VERSION = 1;
				GENERATE_INFOPLIST_FILE = YES;
				IPHONEOS_DEPLOYMENT_TARGET = 16.1;
				MARKETING_VERSION = 1.0;
				PRODUCT_BUNDLE_IDENTIFIER = com.wac.TouchdownTests;
				PRODUCT_NAME = "$(TARGET_NAME)";
				SWIFT_EMIT_LOC_STRINGS = NO;
				SWIFT_VERSION = 5.0;
				TARGETED_DEVICE_FAMILY = "1,2";
				TEST_HOST = "$(BUILT_PRODUCTS_DIR)/Touchdown.app/$(BUNDLE_EXECUTABLE_FOLDER_PATH)/Touchdown";
			};
			name = Release;
		};
		1E3C6DC02A6687AC0015676C /* Debug */ = {
			isa = XCBuildConfiguration;
			buildSettings = {
				ALWAYS_EMBED_SWIFT_STANDARD_LIBRARIES = YES;
				CODE_SIGN_STYLE = Automatic;
				CURRENT_PROJECT_VERSION = 1;
				GENERATE_INFOPLIST_FILE = YES;
				MARKETING_VERSION = 1.0;
				PRODUCT_BUNDLE_IDENTIFIER = com.wac.TouchdownUITests;
				PRODUCT_NAME = "$(TARGET_NAME)";
				SWIFT_EMIT_LOC_STRINGS = NO;
				SWIFT_VERSION = 5.0;
				TARGETED_DEVICE_FAMILY = "1,2";
				TEST_TARGET_NAME = Touchdown;
			};
			name = Debug;
		};
		1E3C6DC12A6687AC0015676C /* Release */ = {
			isa = XCBuildConfiguration;
			buildSettings = {
				ALWAYS_EMBED_SWIFT_STANDARD_LIBRARIES = YES;
				CODE_SIGN_STYLE = Automatic;
				CURRENT_PROJECT_VERSION = 1;
				GENERATE_INFOPLIST_FILE = YES;
				MARKETING_VERSION = 1.0;
				PRODUCT_BUNDLE_IDENTIFIER = com.wac.TouchdownUITests;
				PRODUCT_NAME = "$(TARGET_NAME)";
				SWIFT_EMIT_LOC_STRINGS = NO;
				SWIFT_VERSION = 5.0;
				TARGETED_DEVICE_FAMILY = "1,2";
				TEST_TARGET_NAME = Touchdown;
			};
			name = Release;
		};
/* End XCBuildConfiguration section */

/* Begin XCConfigurationList section */
		1E3C6D902A6687AA0015676C /* Build configuration list for PBXProject "Touchdown" */ = {
			isa = XCConfigurationList;
			buildConfigurations = (
				1E3C6DB72A6687AC0015676C /* Debug */,
				1E3C6DB82A6687AC0015676C /* Release */,
			);
			defaultConfigurationIsVisible = 0;
			defaultConfigurationName = Release;
		};
		1E3C6DB92A6687AC0015676C /* Build configuration list for PBXNativeTarget "Touchdown" */ = {
			isa = XCConfigurationList;
			buildConfigurations = (
				1E3C6DBA2A6687AC0015676C /* Debug */,
				1E3C6DBB2A6687AC0015676C /* Release */,
			);
			defaultConfigurationIsVisible = 0;
			defaultConfigurationName = Release;
		};
		1E3C6DBC2A6687AC0015676C /* Build configuration list for PBXNativeTarget "TouchdownTests" */ = {
			isa = XCConfigurationList;
			buildConfigurations = (
				1E3C6DBD2A6687AC0015676C /* Debug */,
				1E3C6DBE2A6687AC0015676C /* Release */,
			);
			defaultConfigurationIsVisible = 0;
			defaultConfigurationName = Release;
		};
		1E3C6DBF2A6687AC0015676C /* Build configuration list for PBXNativeTarget "TouchdownUITests" */ = {
			isa = XCConfigurationList;
			buildConfigurations = (
				1E3C6DC02A6687AC0015676C /* Debug */,
				1E3C6DC12A6687AC0015676C /* Release */,
			);
			defaultConfigurationIsVisible = 0;
			defaultConfigurationName = Release;
		};
/* End XCConfigurationList section */
	};
	rootObject = 1E3C6D8D2A6687AA0015676C /* Project object */;
}
